<?xml version="1.0" encoding="utf-8"?>
<Project ToolsVersion="4.0" xmlns="http://schemas.microsoft.com/developer/msbuild/2003">
  <ItemGroup>
    <Filter Include="Source Files">
      <UniqueIdentifier>{4FC737F1-C7A5-4376-A066-2A32D752A2FF}</UniqueIdentifier>
      <Extensions>cpp;c;cc;cxx;c++;cppm;ixx;def;odl;idl;hpj;bat;asm;asmx</Extensions>
    </Filter>
    <Filter Include="Header Files">
      <UniqueIdentifier>{93995380-89BD-4b04-88EB-625FBE52EBFB}</UniqueIdentifier>
      <Extensions>h;hh;hpp;hxx;h++;hm;inl;inc;ipp;xsd</Extensions>
    </Filter>
    <Filter Include="Resource Files">
      <UniqueIdentifier>{67DA6AB6-F800-4c08-8B7A-83BB121AAD01}</UniqueIdentifier>
      <Extensions>rc;ico;cur;bmp;dlg;rc2;rct;bin;rgs;gif;jpg;jpeg;jpe;resx;tiff;tif;png;wav;mfcribbon-ms</Extensions>
    </Filter>
  </ItemGroup>
  <ItemGroup>
    <ClCompile Include="Source.cpp">
      <Filter>Source Files</Filter>
    </ClCompile>
    <ClCompile Include="UtilityModule\StringLamda.cpp">
      <Filter>Source Files</Filter>
    </ClCompile>
    <ClCompile Include="EngineModule\RenderEngine.cpp">
      <Filter>Source Files</Filter>
    </ClCompile>
    <ClCompile Include="EngineModule\InputManager.cpp">
      <Filter>Source Files</Filter>
    </ClCompile>
    <ClCompile Include="RenderModule\Renderer.cpp">
      <Filter>Source Files</Filter>
    </ClCompile>
    <ClCompile Include="MathModule\Color.cpp">
      <Filter>Source Files</Filter>
    </ClCompile>
    <ClCompile Include="MathModule\Math.cpp">
      <Filter>Source Files</Filter>
    </ClCompile>
    <ClCompile Include="MathModule\Vector.cpp">
      <Filter>Source Files</Filter>
    </ClCompile>
    <ClCompile Include="MathModule\Matrix.cpp">
      <Filter>Source Files</Filter>
    </ClCompile>
    <ClCompile Include="UtilityModule\BitStream.cpp">
      <Filter>Source Files</Filter>
    </ClCompile>
    <ClCompile Include="UtilityModule\Zlib.cpp">
      <Filter>Source Files</Filter>
    </ClCompile>
    <ClCompile Include="ImportModule\PngImporter.cpp">
      <Filter>Source Files</Filter>
    </ClCompile>
    <ClCompile Include="RenderModule\Material.cpp">
      <Filter>Source Files</Filter>
    </ClCompile>
    <ClCompile Include="MathModule\Quaternion.cpp">
      <Filter>Source Files</Filter>
    </ClCompile>
    <ClCompile Include="ImportModule\PmxImporter.cpp">
      <Filter>Source Files</Filter>
    </ClCompile>
    <ClCompile Include="GeometryModule\Geometry.cpp">
      <Filter>Source Files</Filter>
    </ClCompile>
    <ClCompile Include="EngineModule\Transform.cpp">
      <Filter>Source Files</Filter>
    </ClCompile>
    <ClCompile Include="EngineModule\UniqueableObject.cpp">
      <Filter>Source Files</Filter>
    </ClCompile>
    <ClCompile Include="RenderModule\Mesh.cpp">
      <Filter>Source Files</Filter>
    </ClCompile>
    <ClCompile Include="EngineModule\RenderMesh.cpp">
      <Filter>Source Files</Filter>
    </ClCompile>
    <ClCompile Include="RenderModule\Camera.cpp">
      <Filter>Source Files</Filter>
    </ClCompile>
    <ClCompile Include="RenderModule\RenderTarget.cpp">
      <Filter>Source Files</Filter>
    </ClCompile>
    <ClCompile Include="ImportModule\VmdImporter.cpp">
      <Filter>Source Files</Filter>
    </ClCompile>
    <ClCompile Include="GeometryModule\Curve.cpp">
      <Filter>Source Files</Filter>
    </ClCompile>
    <ClCompile Include="UtilityModule\StringKey.cpp">
      <Filter>Source Files</Filter>
    </ClCompile>
    <ClCompile Include="AnimationModule\AnimateMesh.cpp">
      <Filter>Source Files</Filter>
    </ClCompile>
    <ClCompile Include="AnimationModule\IK\CCD_IKSolver.cpp">
      <Filter>Source Files</Filter>
    </ClCompile>
    <ClCompile Include="RendererApp.cpp">
      <Filter>Source Files</Filter>
    </ClCompile>
  </ItemGroup>
  <ItemGroup>
    <ClInclude Include="EngineModule\RenderEngine.h">
      <Filter>Header Files</Filter>
    </ClInclude>
    <ClInclude Include="UtilityModule\StringLamda.h">
      <Filter>Header Files</Filter>
    </ClInclude>
    <ClInclude Include="EngineModule\InputManager.h">
      <Filter>Header Files</Filter>
    </ClInclude>
    <ClInclude Include="RenderModule\Renderer.h">
      <Filter>Header Files</Filter>
    </ClInclude>
    <ClInclude Include="MathModule\Color.h">
      <Filter>Header Files</Filter>
    </ClInclude>
    <ClInclude Include="MathModule\Math.h">
      <Filter>Header Files</Filter>
    </ClInclude>
    <ClInclude Include="MathModule\Vector.h">
      <Filter>Header Files</Filter>
    </ClInclude>
    <ClInclude Include="MathModule\Matrix.h">
      <Filter>Header Files</Filter>
    </ClInclude>
    <ClInclude Include="ImportModule\PngImporter.h">
      <Filter>Header Files</Filter>
    </ClInclude>
    <ClInclude Include="UtilityModule\BitStream.h">
      <Filter>Header Files</Filter>
    </ClInclude>
    <ClInclude Include="UtilityModule\Zlib.h">
      <Filter>Header Files</Filter>
    </ClInclude>
    <ClInclude Include="RenderModule\Material.h">
      <Filter>Header Files</Filter>
    </ClInclude>
    <ClInclude Include="MathModule\Quaternion.h">
      <Filter>Header Files</Filter>
    </ClInclude>
    <ClInclude Include="ImportModule\PmxImporter.h">
      <Filter>Header Files</Filter>
    </ClInclude>
    <ClInclude Include="GeometryModule\Geometry.h">
      <Filter>Header Files</Filter>
    </ClInclude>
    <ClInclude Include="EngineModule\Transform.h">
      <Filter>Header Files</Filter>
    </ClInclude>
    <ClInclude Include="EngineModule\UniqueableObject.h">
      <Filter>Header Files</Filter>
    </ClInclude>
    <ClInclude Include="RenderModule\Mesh.h">
      <Filter>Header Files</Filter>
    </ClInclude>
    <ClInclude Include="EngineModule\RenderMesh.h">
      <Filter>Header Files</Filter>
    </ClInclude>
    <ClInclude Include="RenderModule\Camera.h">
      <Filter>Header Files</Filter>
    </ClInclude>
    <ClInclude Include="RenderModule\RenderTarget.h">
      <Filter>Header Files</Filter>
    </ClInclude>
    <ClInclude Include="ImportModule\VmdImporter.h">
      <Filter>Header Files</Filter>
    </ClInclude>
    <ClInclude Include="AnimationModule\AnimateMesh.h">
      <Filter>Header Files</Filter>
    </ClInclude>
    <ClInclude Include="AnimationModule\AnimationClip.h">
      <Filter>Header Files</Filter>
    </ClInclude>
    <ClInclude Include="UtilityModule\Class.h">
      <Filter>Header Files</Filter>
    </ClInclude>
    <ClInclude Include="GeometryModule\Curve.h">
      <Filter>Header Files</Filter>
    </ClInclude>
    <ClInclude Include="UtilityModule\StringKey.h">
      <Filter>Header Files</Filter>
    </ClInclude>
    <ClInclude Include="AnimationModule\IK\IKSolver.h">
      <Filter>Header Files</Filter>
    </ClInclude>
    <ClInclude Include="AnimationModule\IK\CCD_IKSolver.h">
      <Filter>Header Files</Filter>
    </ClInclude>
    <ClInclude Include="ImportModule\RendererApp.h">
      <Filter>Header Files</Filter>
    </ClInclude>
    <ClInclude Include="RendererApp.h">
      <Filter>Header Files</Filter>
    </ClInclude>
    <ClInclude Include="ExampleApp.h">
      <Filter>Header Files</Filter>
    </ClInclude>
  </ItemGroup>
  <ItemGroup>
    <Image Include="Resources\test2.png">
      <Filter>Resource Files</Filter>
    </Image>
    <Image Include="Resources\test1.png">
      <Filter>Resource Files</Filter>
    </Image>
    <Image Include="Resources\test3.png">
      <Filter>Resource Files</Filter>
    </Image>
    <Image Include="Resources\Paymon\Texture\mc3.png">
      <Filter>Resource Files</Filter>
    </Image>
    <Image Include="Resources\Paymon\Texture\toon.png">
      <Filter>Resource Files</Filter>
    </Image>
    <Image Include="Resources\Paymon\Texture\表情.png">
      <Filter>Resource Files</Filter>
    </Image>
    <Image Include="Resources\Paymon\Texture\披风.png">
      <Filter>Resource Files</Filter>
    </Image>
    <Image Include="Resources\Paymon\Texture\脸.png">
      <Filter>Resource Files</Filter>
    </Image>
    <Image Include="Resources\Paymon\Texture\头发.png">
      <Filter>Resource Files</Filter>
    </Image>
    <Image Include="Resources\Paymon\Texture\衣服.png">
      <Filter>Resource Files</Filter>
    </Image>
    <Image Include="Resources\Paymon\Texture\披风2.png">
      <Filter>Resource Files</Filter>
    </Image>
    <Image Include="Resources\feixieer\tex\肌.png">
      <Filter>Resource Files</Filter>
    </Image>
    <Image Include="Resources\feixieer\tex\面.png">
      <Filter>Resource Files</Filter>
    </Image>
    <Image Include="Resources\feixieer\tex\发.png">
      <Filter>Resource Files</Filter>
    </Image>
    <Image Include="Resources\feixieer\tex\服.png">
      <Filter>Resource Files</Filter>
    </Image>
    <Image Include="Resources\feixieer\tex\表情.png">
      <Filter>Resource Files</Filter>
    </Image>
    <Image Include="Resources\feixieer\hair.png">
      <Filter>Resource Files</Filter>
    </Image>
    <Image Include="Resources\feixieer\skin.png">
      <Filter>Resource Files</Filter>
    </Image>
    <Image Include="Resources\feixieer\toon_defo.png">
      <Filter>Resource Files</Filter>
    </Image>
    <Image Include="Resources\steve\char.png">
      <Filter>Resource Files</Filter>
    </Image>
    <Image Include="Resources\one.png">
      <Filter>Resource Files</Filter>
    </Image>
    <Image Include="Resources\two.png">
      <Filter>Resource Files</Filter>
    </Image>
    <Image Include="Resources\zero.png">
      <Filter>Resource Files</Filter>
    </Image>
    <Image Include="Resources\five.png">
      <Filter>Resource Files</Filter>
    </Image>
    <Image Include="Resources\four.png">
      <Filter>Resource Files</Filter>
    </Image>
    <Image Include="Resources\six.png">
      <Filter>Resource Files</Filter>
    </Image>
    <Image Include="Resources\three.png">
      <Filter>Resource Files</Filter>
    </Image>
    <Image Include="Resources\lisha\Texture\mc3.png">
      <Filter>Resource Files</Filter>
    </Image>
    <Image Include="Resources\lisha\Texture\toon.png">
      <Filter>Resource Files</Filter>
    </Image>
    <Image Include="Resources\lisha\Texture\脸.png">
      <Filter>Resource Files</Filter>
    </Image>
    <Image Include="Resources\lisha\Texture\头发.png">
      <Filter>Resource Files</Filter>
    </Image>
    <Image Include="Resources\lisha\Texture\衣服.png">
      <Filter>Resource Files</Filter>
    </Image>
    <Image Include="Resources\lisha\Texture\表情.png">
      <Filter>Resource Files</Filter>
    </Image>
    <Image Include="Resources\anbo\Texture\mc3.png">
      <Filter>Resource Files</Filter>
    </Image>
    <Image Include="Resources\anbo\Texture\toon.png">
      <Filter>Resource Files</Filter>
    </Image>
    <Image Include="Resources\anbo\Texture\脸.png">
      <Filter>Resource Files</Filter>
    </Image>
    <Image Include="Resources\anbo\Texture\头发.png">
      <Filter>Resource Files</Filter>
    </Image>
    <Image Include="Resources\anbo\Texture\衣服.png">
      <Filter>Resource Files</Filter>
    </Image>
    <Image Include="Resources\anbo\Texture\表情.png">
      <Filter>Resource Files</Filter>
    </Image>
    <Image Include="Resources\dolphin\dolphin preview.bmp">
      <Filter>Resource Files</Filter>
    </Image>
    <Image Include="Resources\dolphin\grey.png">
      <Filter>Resource Files</Filter>
    </Image>
  </ItemGroup>
  <ItemGroup>
    <None Include="Resources\Paymon\paymon.pmx" />
    <None Include="Resources\feixieer\feixieer.pmx" />
    <None Include="Resources\Minecraft\Alex_1.8.pmx" />
    <None Include="Resources\Minecraft\Steve_1.8.pmx" />
    <None Include="Resources\Minecraft\Steve_old.pmx" />
    <None Include="Resources\steve\steve.pmx" />
    <None Include="Resources\lisha\lisha.pmx" />
    <None Include="Resources\anbo\anbo.pmx" />
    <None Include="Resources\lisha\Catwalk.vmd" />
    <None Include="Resources\dolphin\dolphin mmd_tools.pmx" />
    <None Include="Resources\dolphin\dolphin swimming  mmd_tools.vmd" />
    <None Include="Resources\Paymon\Paimon Idle Motion.vmd" />
    <None Include="Resources\Paymon\Paimon oi animation.vmd" />
  </ItemGroup>
  <ItemGroup>
    <Text Include="Resources\feixieer\readme【一定要看】.txt" />
    <Text Include="할일리스트.txt" />
    <Text Include="Resources\dolphin\dolphin readme.txt" />
  </ItemGroup>
</Project>